// !$*UTF8*$!
{
	archiveVersion = 1;
	classes = {
	};
	objectVersion = 46;
	objects = {

/* Begin PBXBuildFile section */
		7A0068AC1C18E5BE0098B165 /* TamaHiveAppDelegate.swift in Sources */ = {isa = PBXBuildFile; fileRef = 7A0068AB1C18E5BE0098B165 /* TamaHiveAppDelegate.swift */; };
		7A0068AE1C18E5BE0098B165 /* TamaListViewController.swift in Sources */ = {isa = PBXBuildFile; fileRef = 7A0068AD1C18E5BE0098B165 /* TamaListViewController.swift */; };
		7A0068B11C18E5BE0098B165 /* Main.storyboard in Resources */ = {isa = PBXBuildFile; fileRef = 7A0068AF1C18E5BE0098B165 /* Main.storyboard */; };
		7A0068B31C18E5BE0098B165 /* Assets.xcassets in Resources */ = {isa = PBXBuildFile; fileRef = 7A0068B21C18E5BE0098B165 /* Assets.xcassets */; };
		7A0068BB1C18F0080098B165 /* TamaItemViewController.swift in Sources */ = {isa = PBXBuildFile; fileRef = 7A0068BA1C18F0080098B165 /* TamaItemViewController.swift */; };
		7A0E6BD51C37218B00E8C107 /* TamaEmulatorState.swift in Sources */ = {isa = PBXBuildFile; fileRef = 7A0E6BD41C37218B00E8C107 /* TamaEmulatorState.swift */; };
		7A151F331C234581002AC8DA /* TamaHiveAppDelegate.swift in Sources */ = {isa = PBXBuildFile; fileRef = 7A0068AB1C18E5BE0098B165 /* TamaHiveAppDelegate.swift */; };
		7A151F341C234583002AC8DA /* TamaListViewController.swift in Sources */ = {isa = PBXBuildFile; fileRef = 7A0068AD1C18E5BE0098B165 /* TamaListViewController.swift */; };
		7A151F351C234586002AC8DA /* TamaItemViewController.swift in Sources */ = {isa = PBXBuildFile; fileRef = 7A0068BA1C18F0080098B165 /* TamaItemViewController.swift */; };
		7A151F361C234588002AC8DA /* TamaListHiveLayout.swift in Sources */ = {isa = PBXBuildFile; fileRef = 7AE766DE1C1A880300078E68 /* TamaListHiveLayout.swift */; };
		7A151F371C23458B002AC8DA /* TamaListViewCell.swift in Sources */ = {isa = PBXBuildFile; fileRef = 7A69B2EC1C1933DA000F1FBA /* TamaListViewCell.swift */; };
		7A151F3A1C23459C002AC8DA /* hexagon.png in Resources */ = {isa = PBXBuildFile; fileRef = 7A69B2E81C192EF1000F1FBA /* hexagon.png */; };
		7A151F3B1C23459F002AC8DA /* hexagon-invert.png in Resources */ = {isa = PBXBuildFile; fileRef = 7AE8C4AA1C1A37F000E1C4FD /* hexagon-invert.png */; };
		7A151F3C1C2345A1002AC8DA /* hexagon-invert-dark.png in Resources */ = {isa = PBXBuildFile; fileRef = 7AE8C4A91C1A37F000E1C4FD /* hexagon-invert-dark.png */; };
		7A69B2EA1C192EF1000F1FBA /* hexagon.png in Resources */ = {isa = PBXBuildFile; fileRef = 7A69B2E81C192EF1000F1FBA /* hexagon.png */; };
		7A69B2ED1C1933DA000F1FBA /* TamaListViewCell.swift in Sources */ = {isa = PBXBuildFile; fileRef = 7A69B2EC1C1933DA000F1FBA /* TamaListViewCell.swift */; };
		7A7DC6291C237E68006DBD58 /* Interface.storyboard in Resources */ = {isa = PBXBuildFile; fileRef = 7A7DC6271C237E68006DBD58 /* Interface.storyboard */; };
		7A7DC62B1C237E68006DBD58 /* Assets.xcassets in Resources */ = {isa = PBXBuildFile; fileRef = 7A7DC62A1C237E68006DBD58 /* Assets.xcassets */; };
		7A7DC6321C237E68006DBD58 /* Tama-Hive-Watch Extension.appex in Embed App Extensions */ = {isa = PBXBuildFile; fileRef = 7A7DC6311C237E68006DBD58 /* Tama-Hive-Watch Extension.appex */; settings = {ATTRIBUTES = (RemoveHeadersOnCopy, ); }; };
		7A7DC6371C237E68006DBD58 /* TamaInterfaceController.swift in Sources */ = {isa = PBXBuildFile; fileRef = 7A7DC6361C237E68006DBD58 /* TamaInterfaceController.swift */; };
		7A7DC6391C237E68006DBD58 /* TamaExtensionDelegate.swift in Sources */ = {isa = PBXBuildFile; fileRef = 7A7DC6381C237E68006DBD58 /* TamaExtensionDelegate.swift */; };
		7A7DC63F1C237E68006DBD58 /* Tama-Hive.app in Embed Watch Content */ = {isa = PBXBuildFile; fileRef = 7A7DC6251C237E68006DBD58 /* Tama-Hive.app */; };
		7A7DC6491C2384D0006DBD58 /* TamaDataController.swift in Sources */ = {isa = PBXBuildFile; fileRef = 7A7DC6481C2384D0006DBD58 /* TamaDataController.swift */; };
		7A7DC64F1C238861006DBD58 /* Assets.xcassets in Resources */ = {isa = PBXBuildFile; fileRef = 7A7DC64A1C238861006DBD58 /* Assets.xcassets */; };
		7A7DC6501C238861006DBD58 /* LaunchScreen.storyboard in Resources */ = {isa = PBXBuildFile; fileRef = 7A7DC64B1C238861006DBD58 /* LaunchScreen.storyboard */; };
		7A7DC6511C238861006DBD58 /* Main.storyboard in Resources */ = {isa = PBXBuildFile; fileRef = 7A7DC64D1C238861006DBD58 /* Main.storyboard */; };
		7A7DC6531C238A63006DBD58 /* TamaDataController.swift in Sources */ = {isa = PBXBuildFile; fileRef = 7A7DC6481C2384D0006DBD58 /* TamaDataController.swift */; };
		7A8BE7D81C3730C5005B261D /* TamaLcdScreen.swift in Sources */ = {isa = PBXBuildFile; fileRef = 7A9AFD421C23C62700D0A8F6 /* TamaLcdScreen.swift */; };
		7A9AFD411C23B3B700D0A8F6 /* TamaDataController.swift in Sources */ = {isa = PBXBuildFile; fileRef = 7A7DC6481C2384D0006DBD58 /* TamaDataController.swift */; };
		7A9AFD431C23C62700D0A8F6 /* TamaLcdScreen.swift in Sources */ = {isa = PBXBuildFile; fileRef = 7A9AFD421C23C62700D0A8F6 /* TamaLcdScreen.swift */; };
		7A9AFD441C23C62700D0A8F6 /* TamaLcdScreen.swift in Sources */ = {isa = PBXBuildFile; fileRef = 7A9AFD421C23C62700D0A8F6 /* TamaLcdScreen.swift */; };
		7A9AFD451C23C62700D0A8F6 /* TamaLcdScreen.swift in Sources */ = {isa = PBXBuildFile; fileRef = 7A9AFD421C23C62700D0A8F6 /* TamaLcdScreen.swift */; };
		7AB4CEAA1C350882005A04A7 /* Assets.xcassets in Resources */ = {isa = PBXBuildFile; fileRef = 7AB4CEA61C350882005A04A7 /* Assets.xcassets */; };
		7AB4CEAB1C350882005A04A7 /* Main.storyboard in Resources */ = {isa = PBXBuildFile; fileRef = 7AB4CEA71C350882005A04A7 /* Main.storyboard */; };
		7AB4CEB01C350C14005A04A7 /* TamaEmulatorController.swift in Sources */ = {isa = PBXBuildFile; fileRef = 7AB4CEA21C3505C5005A04A7 /* TamaEmulatorController.swift */; };
		7AB4CEB11C351481005A04A7 /* rom in Resources */ = {isa = PBXBuildFile; fileRef = 7AD810D71C34DC4E004EB35B /* rom */; };
		7AB4CEB31C362C6D005A04A7 /* mach_gettime.c in Sources */ = {isa = PBXBuildFile; fileRef = 7AB4CEB21C362C6D005A04A7 /* mach_gettime.c */; };
		7AB4CEB41C362C6D005A04A7 /* mach_gettime.c in Sources */ = {isa = PBXBuildFile; fileRef = 7AB4CEB21C362C6D005A04A7 /* mach_gettime.c */; };
		7AD810531C34D5FE004EB35B /* TamaEmuAppDelegate.swift in Sources */ = {isa = PBXBuildFile; fileRef = 7AD810521C34D5FE004EB35B /* TamaEmuAppDelegate.swift */; };
		7AD810551C34D5FE004EB35B /* TamaEmuViewController.swift in Sources */ = {isa = PBXBuildFile; fileRef = 7AD810541C34D5FE004EB35B /* TamaEmuViewController.swift */; };
		7AD810841C34D66A004EB35B /* i2c.c in Sources */ = {isa = PBXBuildFile; fileRef = 7AD810601C34D66A004EB35B /* i2c.c */; };
		7AD810851C34D66A004EB35B /* i2ceeprom.c in Sources */ = {isa = PBXBuildFile; fileRef = 7AD810621C34D66A004EB35B /* i2ceeprom.c */; };
		7AD810861C34D66A004EB35B /* ir.c in Sources */ = {isa = PBXBuildFile; fileRef = 7AD810641C34D66A004EB35B /* ir.c */; };
		7AD810871C34D66A004EB35B /* ConDebug.c in Sources */ = {isa = PBXBuildFile; fileRef = 7AD810681C34D66A004EB35B /* ConDebug.c */; };
		7AD810881C34D66A004EB35B /* Debug.c in Sources */ = {isa = PBXBuildFile; fileRef = 7AD810691C34D66A004EB35B /* Debug.c */; };
		7AD810891C34D66A004EB35B /* M6502.c in Sources */ = {isa = PBXBuildFile; fileRef = 7AD8106A1C34D66A004EB35B /* M6502.c */; };
		7AD8109E1C34D66A004EB35B /* tamaemu.c in Sources */ = {isa = PBXBuildFile; fileRef = 7AD810821C34D66A004EB35B /* tamaemu.c */; };
		7AD810A21C34D761004EB35B /* udp.c in Sources */ = {isa = PBXBuildFile; fileRef = 7AD8109F1C34D761004EB35B /* udp.c */; };
		7AD810A51C34D77B004EB35B /* lcd.c in Sources */ = {isa = PBXBuildFile; fileRef = 7AD810A31C34D77B004EB35B /* lcd.c */; };
		7AD810A81C34D7C2004EB35B /* benevolentai.c in Sources */ = {isa = PBXBuildFile; fileRef = 7AD810A61C34D7C2004EB35B /* benevolentai.c */; };
		7AD810AD1C34D7DE004EB35B /* lcdmatch.c in Sources */ = {isa = PBXBuildFile; fileRef = 7AD810A91C34D7DE004EB35B /* lcdmatch.c */; };
		7AD810AE1C34D7DE004EB35B /* screens.c in Sources */ = {isa = PBXBuildFile; fileRef = 7AD810AB1C34D7DE004EB35B /* screens.c */; };
		7AD810C81C34D98F004EB35B /* benevolentai.c in Sources */ = {isa = PBXBuildFile; fileRef = 7AD810A61C34D7C2004EB35B /* benevolentai.c */; };
		7AD810C91C34D98F004EB35B /* i2c.c in Sources */ = {isa = PBXBuildFile; fileRef = 7AD810601C34D66A004EB35B /* i2c.c */; };
		7AD810CA1C34D98F004EB35B /* i2ceeprom.c in Sources */ = {isa = PBXBuildFile; fileRef = 7AD810621C34D66A004EB35B /* i2ceeprom.c */; };
		7AD810CB1C34D98F004EB35B /* ir.c in Sources */ = {isa = PBXBuildFile; fileRef = 7AD810641C34D66A004EB35B /* ir.c */; };
		7AD810CC1C34D98F004EB35B /* lcd.c in Sources */ = {isa = PBXBuildFile; fileRef = 7AD810A31C34D77B004EB35B /* lcd.c */; };
		7AD810CD1C34D98F004EB35B /* lcdmatch.c in Sources */ = {isa = PBXBuildFile; fileRef = 7AD810A91C34D7DE004EB35B /* lcdmatch.c */; };
		7AD810CE1C34D98F004EB35B /* screens.c in Sources */ = {isa = PBXBuildFile; fileRef = 7AD810AB1C34D7DE004EB35B /* screens.c */; };
		7AD810CF1C34D98F004EB35B /* main.c in Sources */ = {isa = PBXBuildFile; fileRef = 7AD810BA1C34D96E004EB35B /* main.c */; };
		7AD810D01C34D98F004EB35B /* ConDebug.c in Sources */ = {isa = PBXBuildFile; fileRef = 7AD810681C34D66A004EB35B /* ConDebug.c */; };
		7AD810D11C34D98F004EB35B /* Debug.c in Sources */ = {isa = PBXBuildFile; fileRef = 7AD810691C34D66A004EB35B /* Debug.c */; };
		7AD810D21C34D98F004EB35B /* M6502.c in Sources */ = {isa = PBXBuildFile; fileRef = 7AD8106A1C34D66A004EB35B /* M6502.c */; };
		7AD810D31C34D98F004EB35B /* tamaemu.c in Sources */ = {isa = PBXBuildFile; fileRef = 7AD810821C34D66A004EB35B /* tamaemu.c */; };
		7AD810D41C34D98F004EB35B /* udp.c in Sources */ = {isa = PBXBuildFile; fileRef = 7AD8109F1C34D761004EB35B /* udp.c */; };
		7AD810D91C34DC5B004EB35B /* rom in CopyFiles */ = {isa = PBXBuildFile; fileRef = 7AD810D71C34DC4E004EB35B /* rom */; };
		7AE766DF1C1A880300078E68 /* TamaListHiveLayout.swift in Sources */ = {isa = PBXBuildFile; fileRef = 7AE766DE1C1A880300078E68 /* TamaListHiveLayout.swift */; };
		7AE8C4AB1C1A37F000E1C4FD /* hexagon-invert-dark.png in Resources */ = {isa = PBXBuildFile; fileRef = 7AE8C4A91C1A37F000E1C4FD /* hexagon-invert-dark.png */; };
		7AE8C4AC1C1A37F000E1C4FD /* hexagon-invert.png in Resources */ = {isa = PBXBuildFile; fileRef = 7AE8C4AA1C1A37F000E1C4FD /* hexagon-invert.png */; };
/* End PBXBuildFile section */

/* Begin PBXContainerItemProxy section */
		7A7DC6331C237E68006DBD58 /* PBXContainerItemProxy */ = {
			isa = PBXContainerItemProxy;
			containerPortal = 7A0068A01C18E5BD0098B165 /* Project object */;
			proxyType = 1;
			remoteGlobalIDString = 7A7DC6301C237E68006DBD58;
			remoteInfo = "Tama-Hive-Watch Extension";
		};
		7A7DC63D1C237E68006DBD58 /* PBXContainerItemProxy */ = {
			isa = PBXContainerItemProxy;
			containerPortal = 7A0068A01C18E5BD0098B165 /* Project object */;
			proxyType = 1;
			remoteGlobalIDString = 7A7DC6241C237E68006DBD58;
			remoteInfo = "Tama-Hive-Watch";
		};
/* End PBXContainerItemProxy section */

/* Begin PBXCopyFilesBuildPhase section */
		7A7DC6431C237E68006DBD58 /* Embed App Extensions */ = {
			isa = PBXCopyFilesBuildPhase;
			buildActionMask = 2147483647;
			dstPath = "";
			dstSubfolderSpec = 13;
			files = (
				7A7DC6321C237E68006DBD58 /* Tama-Hive-Watch Extension.appex in Embed App Extensions */,
			);
			name = "Embed App Extensions";
			runOnlyForDeploymentPostprocessing = 0;
		};
		7A7DC6471C237E68006DBD58 /* Embed Watch Content */ = {
			isa = PBXCopyFilesBuildPhase;
			buildActionMask = 2147483647;
			dstPath = "$(CONTENTS_FOLDER_PATH)/Watch";
			dstSubfolderSpec = 16;
			files = (
				7A7DC63F1C237E68006DBD58 /* Tama-Hive.app in Embed Watch Content */,
			);
			name = "Embed Watch Content";
			runOnlyForDeploymentPostprocessing = 0;
		};
		7AD810B11C34D8F8004EB35B /* CopyFiles */ = {
			isa = PBXCopyFilesBuildPhase;
			buildActionMask = 12;
			dstPath = "";
			dstSubfolderSpec = 16;
			files = (
				7AD810D91C34DC5B004EB35B /* rom in CopyFiles */,
			);
			runOnlyForDeploymentPostprocessing = 0;
		};
/* End PBXCopyFilesBuildPhase section */

/* Begin PBXFileReference section */
		7A0068A81C18E5BD0098B165 /* Tama-Hive.app */ = {isa = PBXFileReference; explicitFileType = wrapper.application; includeInIndex = 0; path = "Tama-Hive.app"; sourceTree = BUILT_PRODUCTS_DIR; };
		7A0068AB1C18E5BE0098B165 /* TamaHiveAppDelegate.swift */ = {isa = PBXFileReference; lastKnownFileType = sourcecode.swift; path = TamaHiveAppDelegate.swift; sourceTree = "<group>"; };
		7A0068AD1C18E5BE0098B165 /* TamaListViewController.swift */ = {isa = PBXFileReference; lastKnownFileType = sourcecode.swift; path = TamaListViewController.swift; sourceTree = "<group>"; };
		7A0068B01C18E5BE0098B165 /* Base */ = {isa = PBXFileReference; lastKnownFileType = file.storyboard; name = Base; path = Base.lproj/Main.storyboard; sourceTree = "<group>"; };
		7A0068B21C18E5BE0098B165 /* Assets.xcassets */ = {isa = PBXFileReference; lastKnownFileType = folder.assetcatalog; path = Assets.xcassets; sourceTree = "<group>"; };
		7A0068B41C18E5BE0098B165 /* Info.plist */ = {isa = PBXFileReference; lastKnownFileType = text.plist.xml; path = Info.plist; sourceTree = "<group>"; };
		7A0068BA1C18F0080098B165 /* TamaItemViewController.swift */ = {isa = PBXFileReference; fileEncoding = 4; lastKnownFileType = sourcecode.swift; path = TamaItemViewController.swift; sourceTree = "<group>"; };
		7A0E6BD41C37218B00E8C107 /* TamaEmulatorState.swift */ = {isa = PBXFileReference; fileEncoding = 4; lastKnownFileType = sourcecode.swift; path = TamaEmulatorState.swift; sourceTree = "<group>"; };
		7A151F201C23447E002AC8DA /* Tama-Hive.app */ = {isa = PBXFileReference; explicitFileType = wrapper.application; includeInIndex = 0; path = "Tama-Hive.app"; sourceTree = BUILT_PRODUCTS_DIR; };
		7A69B2E81C192EF1000F1FBA /* hexagon.png */ = {isa = PBXFileReference; lastKnownFileType = image.png; path = hexagon.png; sourceTree = "<group>"; };
		7A69B2EC1C1933DA000F1FBA /* TamaListViewCell.swift */ = {isa = PBXFileReference; fileEncoding = 4; lastKnownFileType = sourcecode.swift; path = TamaListViewCell.swift; sourceTree = "<group>"; };
		7A7DC6251C237E68006DBD58 /* Tama-Hive.app */ = {isa = PBXFileReference; explicitFileType = wrapper.application; includeInIndex = 0; path = "Tama-Hive.app"; sourceTree = BUILT_PRODUCTS_DIR; };
		7A7DC6281C237E68006DBD58 /* Base */ = {isa = PBXFileReference; lastKnownFileType = file.storyboard; name = Base; path = Base.lproj/Interface.storyboard; sourceTree = "<group>"; };
		7A7DC62A1C237E68006DBD58 /* Assets.xcassets */ = {isa = PBXFileReference; lastKnownFileType = folder.assetcatalog; path = Assets.xcassets; sourceTree = "<group>"; };
		7A7DC62C1C237E68006DBD58 /* Info.plist */ = {isa = PBXFileReference; lastKnownFileType = text.plist.xml; path = Info.plist; sourceTree = "<group>"; };
		7A7DC6311C237E68006DBD58 /* Tama-Hive-Watch Extension.appex */ = {isa = PBXFileReference; explicitFileType = "wrapper.app-extension"; includeInIndex = 0; path = "Tama-Hive-Watch Extension.appex"; sourceTree = BUILT_PRODUCTS_DIR; };
		7A7DC6361C237E68006DBD58 /* TamaInterfaceController.swift */ = {isa = PBXFileReference; lastKnownFileType = sourcecode.swift; path = TamaInterfaceController.swift; sourceTree = "<group>"; };
		7A7DC6381C237E68006DBD58 /* TamaExtensionDelegate.swift */ = {isa = PBXFileReference; lastKnownFileType = sourcecode.swift; path = TamaExtensionDelegate.swift; sourceTree = "<group>"; };
		7A7DC63C1C237E68006DBD58 /* Info-Extension.plist */ = {isa = PBXFileReference; lastKnownFileType = text.plist.xml; path = "Info-Extension.plist"; sourceTree = "<group>"; };
		7A7DC6481C2384D0006DBD58 /* TamaDataController.swift */ = {isa = PBXFileReference; fileEncoding = 4; lastKnownFileType = sourcecode.swift; path = TamaDataController.swift; sourceTree = "<group>"; };
		7A7DC64A1C238861006DBD58 /* Assets.xcassets */ = {isa = PBXFileReference; lastKnownFileType = folder.assetcatalog; path = Assets.xcassets; sourceTree = "<group>"; };
		7A7DC64C1C238861006DBD58 /* Base */ = {isa = PBXFileReference; lastKnownFileType = file.storyboard; name = Base; path = Base.lproj/LaunchScreen.storyboard; sourceTree = "<group>"; };
		7A7DC64D1C238861006DBD58 /* Main.storyboard */ = {isa = PBXFileReference; fileEncoding = 4; lastKnownFileType = file.storyboard; path = Main.storyboard; sourceTree = "<group>"; };
		7A7DC64E1C238861006DBD58 /* Info.plist */ = {isa = PBXFileReference; fileEncoding = 4; lastKnownFileType = text.plist.xml; path = Info.plist; sourceTree = "<group>"; };
		7A9AFD421C23C62700D0A8F6 /* TamaLcdScreen.swift */ = {isa = PBXFileReference; fileEncoding = 4; lastKnownFileType = sourcecode.swift; path = TamaLcdScreen.swift; sourceTree = "<group>"; };
		7AB4CEA21C3505C5005A04A7 /* TamaEmulatorController.swift */ = {isa = PBXFileReference; fileEncoding = 4; lastKnownFileType = sourcecode.swift; path = TamaEmulatorController.swift; sourceTree = "<group>"; };
		7AB4CEA61C350882005A04A7 /* Assets.xcassets */ = {isa = PBXFileReference; lastKnownFileType = folder.assetcatalog; path = Assets.xcassets; sourceTree = "<group>"; };
		7AB4CEA81C350882005A04A7 /* Base */ = {isa = PBXFileReference; lastKnownFileType = file.storyboard; name = Base; path = Base.lproj/Main.storyboard; sourceTree = "<group>"; };
		7AB4CEA91C350882005A04A7 /* Info.plist */ = {isa = PBXFileReference; fileEncoding = 4; lastKnownFileType = text.plist.xml; path = Info.plist; sourceTree = "<group>"; };
		7AB4CEAF1C350B90005A04A7 /* TamaEmu-Bridging-Header.h */ = {isa = PBXFileReference; lastKnownFileType = sourcecode.c.h; path = "TamaEmu-Bridging-Header.h"; sourceTree = "<group>"; };
		7AB4CEB21C362C6D005A04A7 /* mach_gettime.c */ = {isa = PBXFileReference; fileEncoding = 4; lastKnownFileType = sourcecode.c.c; path = mach_gettime.c; sourceTree = "<group>"; };
		7AD810501C34D5FE004EB35B /* Tama-Emu.app */ = {isa = PBXFileReference; explicitFileType = wrapper.application; includeInIndex = 0; path = "Tama-Emu.app"; sourceTree = BUILT_PRODUCTS_DIR; };
		7AD810521C34D5FE004EB35B /* TamaEmuAppDelegate.swift */ = {isa = PBXFileReference; lastKnownFileType = sourcecode.swift; path = TamaEmuAppDelegate.swift; sourceTree = "<group>"; };
		7AD810541C34D5FE004EB35B /* TamaEmuViewController.swift */ = {isa = PBXFileReference; lastKnownFileType = sourcecode.swift; path = TamaEmuViewController.swift; sourceTree = "<group>"; };
		7AD810601C34D66A004EB35B /* i2c.c */ = {isa = PBXFileReference; fileEncoding = 4; lastKnownFileType = sourcecode.c.c; path = i2c.c; sourceTree = "<group>"; };
		7AD810611C34D66A004EB35B /* i2c.h */ = {isa = PBXFileReference; fileEncoding = 4; lastKnownFileType = sourcecode.c.h; path = i2c.h; sourceTree = "<group>"; };
		7AD810621C34D66A004EB35B /* i2ceeprom.c */ = {isa = PBXFileReference; fileEncoding = 4; lastKnownFileType = sourcecode.c.c; path = i2ceeprom.c; sourceTree = "<group>"; };
		7AD810631C34D66A004EB35B /* i2ceeprom.h */ = {isa = PBXFileReference; fileEncoding = 4; lastKnownFileType = sourcecode.c.h; path = i2ceeprom.h; sourceTree = "<group>"; };
		7AD810641C34D66A004EB35B /* ir.c */ = {isa = PBXFileReference; fileEncoding = 4; lastKnownFileType = sourcecode.c.c; path = ir.c; sourceTree = "<group>"; };
		7AD810651C34D66A004EB35B /* ir.h */ = {isa = PBXFileReference; fileEncoding = 4; lastKnownFileType = sourcecode.c.h; path = ir.h; sourceTree = "<group>"; };
		7AD810671C34D66A004EB35B /* Codes.h */ = {isa = PBXFileReference; fileEncoding = 4; lastKnownFileType = sourcecode.c.h; path = Codes.h; sourceTree = "<group>"; };
		7AD810681C34D66A004EB35B /* ConDebug.c */ = {isa = PBXFileReference; fileEncoding = 4; lastKnownFileType = sourcecode.c.c; path = ConDebug.c; sourceTree = "<group>"; };
		7AD810691C34D66A004EB35B /* Debug.c */ = {isa = PBXFileReference; fileEncoding = 4; lastKnownFileType = sourcecode.c.c; path = Debug.c; sourceTree = "<group>"; };
		7AD8106A1C34D66A004EB35B /* M6502.c */ = {isa = PBXFileReference; fileEncoding = 4; lastKnownFileType = sourcecode.c.c; path = M6502.c; sourceTree = "<group>"; };
		7AD8106B1C34D66A004EB35B /* M6502.h */ = {isa = PBXFileReference; fileEncoding = 4; lastKnownFileType = sourcecode.c.h; path = M6502.h; sourceTree = "<group>"; };
		7AD8106C1C34D66A004EB35B /* Tables.h */ = {isa = PBXFileReference; fileEncoding = 4; lastKnownFileType = sourcecode.c.h; path = Tables.h; sourceTree = "<group>"; };
		7AD810821C34D66A004EB35B /* tamaemu.c */ = {isa = PBXFileReference; fileEncoding = 4; lastKnownFileType = sourcecode.c.c; path = tamaemu.c; sourceTree = "<group>"; };
		7AD810831C34D66A004EB35B /* tamaemu.h */ = {isa = PBXFileReference; fileEncoding = 4; lastKnownFileType = sourcecode.c.h; path = tamaemu.h; sourceTree = "<group>"; };
		7AD8109F1C34D761004EB35B /* udp.c */ = {isa = PBXFileReference; fileEncoding = 4; lastKnownFileType = sourcecode.c.c; path = udp.c; sourceTree = "<group>"; };
		7AD810A01C34D761004EB35B /* udp.h */ = {isa = PBXFileReference; fileEncoding = 4; lastKnownFileType = sourcecode.c.h; path = udp.h; sourceTree = "<group>"; };
		7AD810A11C34D761004EB35B /* udpproto.h */ = {isa = PBXFileReference; fileEncoding = 4; lastKnownFileType = sourcecode.c.h; path = udpproto.h; sourceTree = "<group>"; };
		7AD810A31C34D77B004EB35B /* lcd.c */ = {isa = PBXFileReference; fileEncoding = 4; lastKnownFileType = sourcecode.c.c; path = lcd.c; sourceTree = "<group>"; };
		7AD810A41C34D77B004EB35B /* lcd.h */ = {isa = PBXFileReference; fileEncoding = 4; lastKnownFileType = sourcecode.c.h; path = lcd.h; sourceTree = "<group>"; };
		7AD810A61C34D7C2004EB35B /* benevolentai.c */ = {isa = PBXFileReference; fileEncoding = 4; lastKnownFileType = sourcecode.c.c; path = benevolentai.c; sourceTree = "<group>"; };
		7AD810A71C34D7C2004EB35B /* benevolentai.h */ = {isa = PBXFileReference; fileEncoding = 4; lastKnownFileType = sourcecode.c.h; path = benevolentai.h; sourceTree = "<group>"; };
		7AD810A91C34D7DE004EB35B /* lcdmatch.c */ = {isa = PBXFileReference; fileEncoding = 4; lastKnownFileType = sourcecode.c.c; path = lcdmatch.c; sourceTree = "<group>"; };
		7AD810AA1C34D7DE004EB35B /* lcdmatch.h */ = {isa = PBXFileReference; fileEncoding = 4; lastKnownFileType = sourcecode.c.h; path = lcdmatch.h; sourceTree = "<group>"; };
		7AD810AB1C34D7DE004EB35B /* screens.c */ = {isa = PBXFileReference; fileEncoding = 4; lastKnownFileType = sourcecode.c.c; path = screens.c; sourceTree = "<group>"; };
		7AD810AC1C34D7DE004EB35B /* screens.h */ = {isa = PBXFileReference; fileEncoding = 4; lastKnownFileType = sourcecode.c.h; path = screens.h; sourceTree = "<group>"; };
		7AD810B31C34D8F8004EB35B /* tamaemu */ = {isa = PBXFileReference; explicitFileType = "compiled.mach-o.executable"; includeInIndex = 0; path = tamaemu; sourceTree = BUILT_PRODUCTS_DIR; };
		7AD810BA1C34D96E004EB35B /* main.c */ = {isa = PBXFileReference; fileEncoding = 4; lastKnownFileType = sourcecode.c.c; path = main.c; sourceTree = "<group>"; };
		7AD810D51C34DA64004EB35B /* mach_gettime.h */ = {isa = PBXFileReference; fileEncoding = 4; lastKnownFileType = sourcecode.c.h; path = mach_gettime.h; sourceTree = "<group>"; };
		7AD810D71C34DC4E004EB35B /* rom */ = {isa = PBXFileReference; lastKnownFileType = folder; name = rom; path = Emulator/rom; sourceTree = SOURCE_ROOT; };
		7AE766DE1C1A880300078E68 /* TamaListHiveLayout.swift */ = {isa = PBXFileReference; fileEncoding = 4; lastKnownFileType = sourcecode.swift; path = TamaListHiveLayout.swift; sourceTree = "<group>"; };
		7AE8C4A91C1A37F000E1C4FD /* hexagon-invert-dark.png */ = {isa = PBXFileReference; lastKnownFileType = image.png; path = "hexagon-invert-dark.png"; sourceTree = "<group>"; };
		7AE8C4AA1C1A37F000E1C4FD /* hexagon-invert.png */ = {isa = PBXFileReference; lastKnownFileType = image.png; path = "hexagon-invert.png"; sourceTree = "<group>"; };
/* End PBXFileReference section */

/* Begin PBXFrameworksBuildPhase section */
		7A0068A51C18E5BD0098B165 /* Frameworks */ = {
			isa = PBXFrameworksBuildPhase;
			buildActionMask = 2147483647;
			files = (
			);
			runOnlyForDeploymentPostprocessing = 0;
		};
		7A151F1D1C23447E002AC8DA /* Frameworks */ = {
			isa = PBXFrameworksBuildPhase;
			buildActionMask = 2147483647;
			files = (
			);
			runOnlyForDeploymentPostprocessing = 0;
		};
		7A7DC62E1C237E68006DBD58 /* Frameworks */ = {
			isa = PBXFrameworksBuildPhase;
			buildActionMask = 2147483647;
			files = (
			);
			runOnlyForDeploymentPostprocessing = 0;
		};
		7AD8104D1C34D5FE004EB35B /* Frameworks */ = {
			isa = PBXFrameworksBuildPhase;
			buildActionMask = 2147483647;
			files = (
			);
			runOnlyForDeploymentPostprocessing = 0;
		};
		7AD810B01C34D8F8004EB35B /* Frameworks */ = {
			isa = PBXFrameworksBuildPhase;
			buildActionMask = 2147483647;
			files = (
			);
			runOnlyForDeploymentPostprocessing = 0;
		};
/* End PBXFrameworksBuildPhase section */

/* Begin PBXGroup section */
		7A00689F1C18E5BD0098B165 = {
			isa = PBXGroup;
			children = (
				7AD8105F1C34D66A004EB35B /* Emulator */,
				7AD810511C34D5FE004EB35B /* Emu-UIKit */,
				7AB4CEA51C350882005A04A7 /* Emu-TV */,
				7A0068AA1C18E5BD0098B165 /* Hive-UIKit */,
				7A151F211C23447E002AC8DA /* Hive-iOS */,
				7A151F321C2344B0002AC8DA /* Hive-TV */,
				7A7DC6351C237E68006DBD58 /* Hive-Watch */,
				7A69B2EB1C192EF6000F1FBA /* Images */,
				7A0068A91C18E5BD0098B165 /* Products */,
			);
			sourceTree = "<group>";
		};
		7A0068A91C18E5BD0098B165 /* Products */ = {
			isa = PBXGroup;
			children = (
				7A0068A81C18E5BD0098B165 /* Tama-Hive.app */,
				7A151F201C23447E002AC8DA /* Tama-Hive.app */,
				7A7DC6251C237E68006DBD58 /* Tama-Hive.app */,
				7A7DC6311C237E68006DBD58 /* Tama-Hive-Watch Extension.appex */,
				7AD810501C34D5FE004EB35B /* Tama-Emu.app */,
				7AD810B31C34D8F8004EB35B /* tamaemu */,
			);
			name = Products;
			sourceTree = "<group>";
		};
		7A0068AA1C18E5BD0098B165 /* Hive-UIKit */ = {
			isa = PBXGroup;
			children = (
				7A0068AB1C18E5BE0098B165 /* TamaHiveAppDelegate.swift */,
				7A7DC6481C2384D0006DBD58 /* TamaDataController.swift */,
				7A0068AD1C18E5BE0098B165 /* TamaListViewController.swift */,
				7A0068BA1C18F0080098B165 /* TamaItemViewController.swift */,
				7AE766DE1C1A880300078E68 /* TamaListHiveLayout.swift */,
				7A69B2EC1C1933DA000F1FBA /* TamaListViewCell.swift */,
				7A9AFD421C23C62700D0A8F6 /* TamaLcdScreen.swift */,
			);
			path = "Hive-UIKit";
			sourceTree = "<group>";
		};
		7A151F211C23447E002AC8DA /* Hive-iOS */ = {
			isa = PBXGroup;
			children = (
				7A7DC64D1C238861006DBD58 /* Main.storyboard */,
				7A7DC64B1C238861006DBD58 /* LaunchScreen.storyboard */,
				7A7DC64A1C238861006DBD58 /* Assets.xcassets */,
				7A7DC64E1C238861006DBD58 /* Info.plist */,
			);
			path = "Hive-iOS";
			sourceTree = "<group>";
		};
		7A151F321C2344B0002AC8DA /* Hive-TV */ = {
			isa = PBXGroup;
			children = (
				7A0068AF1C18E5BE0098B165 /* Main.storyboard */,
				7A0068B21C18E5BE0098B165 /* Assets.xcassets */,
				7A0068B41C18E5BE0098B165 /* Info.plist */,
			);
			path = "Hive-TV";
			sourceTree = "<group>";
		};
		7A69B2EB1C192EF6000F1FBA /* Images */ = {
			isa = PBXGroup;
			children = (
				7A69B2E81C192EF1000F1FBA /* hexagon.png */,
				7AE8C4A91C1A37F000E1C4FD /* hexagon-invert-dark.png */,
				7AE8C4AA1C1A37F000E1C4FD /* hexagon-invert.png */,
			);
			name = Images;
			path = "Hive-UIKit/Images";
			sourceTree = "<group>";
		};
		7A7DC6351C237E68006DBD58 /* Hive-Watch */ = {
			isa = PBXGroup;
			children = (
				7A7DC6381C237E68006DBD58 /* TamaExtensionDelegate.swift */,
				7A7DC6361C237E68006DBD58 /* TamaInterfaceController.swift */,
				7A7DC6271C237E68006DBD58 /* Interface.storyboard */,
				7A7DC62A1C237E68006DBD58 /* Assets.xcassets */,
				7A7DC62C1C237E68006DBD58 /* Info.plist */,
				7A7DC63C1C237E68006DBD58 /* Info-Extension.plist */,
			);
			path = "Hive-Watch";
			sourceTree = "<group>";
		};
		7AB4CEA51C350882005A04A7 /* Emu-TV */ = {
			isa = PBXGroup;
			children = (
				7AB4CEA61C350882005A04A7 /* Assets.xcassets */,
				7AB4CEA71C350882005A04A7 /* Main.storyboard */,
				7AB4CEA91C350882005A04A7 /* Info.plist */,
			);
			path = "Emu-TV";
			sourceTree = SOURCE_ROOT;
		};
		7AD810511C34D5FE004EB35B /* Emu-UIKit */ = {
			isa = PBXGroup;
			children = (
				7AD810521C34D5FE004EB35B /* TamaEmuAppDelegate.swift */,
				7AB4CEA21C3505C5005A04A7 /* TamaEmulatorController.swift */,
				7A0E6BD41C37218B00E8C107 /* TamaEmulatorState.swift */,
				7AD810541C34D5FE004EB35B /* TamaEmuViewController.swift */,
				7AB4CEAF1C350B90005A04A7 /* TamaEmu-Bridging-Header.h */,
			);
			path = "Emu-UIKit";
			sourceTree = "<group>";
		};
		7AD8105F1C34D66A004EB35B /* Emulator */ = {
			isa = PBXGroup;
			children = (
				7AD810661C34D66A004EB35B /* M6502 */,
				7AD810D71C34DC4E004EB35B /* rom */,
				7AD810BA1C34D96E004EB35B /* main.c */,
				7AD810A61C34D7C2004EB35B /* benevolentai.c */,
				7AD810A71C34D7C2004EB35B /* benevolentai.h */,
				7AD810601C34D66A004EB35B /* i2c.c */,
				7AD810611C34D66A004EB35B /* i2c.h */,
				7AD810621C34D66A004EB35B /* i2ceeprom.c */,
				7AD810631C34D66A004EB35B /* i2ceeprom.h */,
				7AD810641C34D66A004EB35B /* ir.c */,
				7AD810651C34D66A004EB35B /* ir.h */,
				7AD810A31C34D77B004EB35B /* lcd.c */,
				7AD810A41C34D77B004EB35B /* lcd.h */,
				7AD810A91C34D7DE004EB35B /* lcdmatch.c */,
				7AD810AA1C34D7DE004EB35B /* lcdmatch.h */,
				7AB4CEB21C362C6D005A04A7 /* mach_gettime.c */,
				7AD810D51C34DA64004EB35B /* mach_gettime.h */,
				7AD810AB1C34D7DE004EB35B /* screens.c */,
				7AD810AC1C34D7DE004EB35B /* screens.h */,
				7AD810821C34D66A004EB35B /* tamaemu.c */,
				7AD810831C34D66A004EB35B /* tamaemu.h */,
				7AD8109F1C34D761004EB35B /* udp.c */,
				7AD810A01C34D761004EB35B /* udp.h */,
				7AD810A11C34D761004EB35B /* udpproto.h */,
			);
			path = Emulator;
			sourceTree = "<group>";
		};
		7AD810661C34D66A004EB35B /* M6502 */ = {
			isa = PBXGroup;
			children = (
				7AD810671C34D66A004EB35B /* Codes.h */,
				7AD810681C34D66A004EB35B /* ConDebug.c */,
				7AD810691C34D66A004EB35B /* Debug.c */,
				7AD8106A1C34D66A004EB35B /* M6502.c */,
				7AD8106B1C34D66A004EB35B /* M6502.h */,
				7AD8106C1C34D66A004EB35B /* Tables.h */,
			);
			path = M6502;
			sourceTree = "<group>";
		};
/* End PBXGroup section */

/* Begin PBXNativeTarget section */
		7A0068A71C18E5BD0098B165 /* Tama-Hive-TV */ = {
			isa = PBXNativeTarget;
			buildConfigurationList = 7A0068B71C18E5BE0098B165 /* Build configuration list for PBXNativeTarget "Tama-Hive-TV" */;
			buildPhases = (
				7A0068A41C18E5BD0098B165 /* Sources */,
				7A0068A51C18E5BD0098B165 /* Frameworks */,
				7A0068A61C18E5BD0098B165 /* Resources */,
			);
			buildRules = (
			);
			dependencies = (
			);
			name = "Tama-Hive-TV";
			productName = Tamatrix;
			productReference = 7A0068A81C18E5BD0098B165 /* Tama-Hive.app */;
			productType = "com.apple.product-type.application";
		};
		7A151F1F1C23447E002AC8DA /* Tama-Hive-iOS */ = {
			isa = PBXNativeTarget;
			buildConfigurationList = 7A151F311C23447E002AC8DA /* Build configuration list for PBXNativeTarget "Tama-Hive-iOS" */;
			buildPhases = (
				7A151F1C1C23447E002AC8DA /* Sources */,
				7A151F1D1C23447E002AC8DA /* Frameworks */,
				7A151F1E1C23447E002AC8DA /* Resources */,
				7A7DC6471C237E68006DBD58 /* Embed Watch Content */,
			);
			buildRules = (
			);
			dependencies = (
				7A7DC63E1C237E68006DBD58 /* PBXTargetDependency */,
			);
			name = "Tama-Hive-iOS";
			productName = "Tama-Hive-iOS";
			productReference = 7A151F201C23447E002AC8DA /* Tama-Hive.app */;
			productType = "com.apple.product-type.application";
		};
		7A7DC6241C237E68006DBD58 /* Tama-Hive-Watch */ = {
			isa = PBXNativeTarget;
			buildConfigurationList = 7A7DC6441C237E68006DBD58 /* Build configuration list for PBXNativeTarget "Tama-Hive-Watch" */;
			buildPhases = (
				7A7DC6231C237E68006DBD58 /* Resources */,
				7A7DC6431C237E68006DBD58 /* Embed App Extensions */,
			);
			buildRules = (
			);
			dependencies = (
				7A7DC6341C237E68006DBD58 /* PBXTargetDependency */,
			);
			name = "Tama-Hive-Watch";
			productName = "Tama-Hive-Watch";
			productReference = 7A7DC6251C237E68006DBD58 /* Tama-Hive.app */;
			productType = "com.apple.product-type.application.watchapp2";
		};
		7A7DC6301C237E68006DBD58 /* Tama-Hive-Watch Extension */ = {
			isa = PBXNativeTarget;
			buildConfigurationList = 7A7DC6401C237E68006DBD58 /* Build configuration list for PBXNativeTarget "Tama-Hive-Watch Extension" */;
			buildPhases = (
				7A7DC62D1C237E68006DBD58 /* Sources */,
				7A7DC62E1C237E68006DBD58 /* Frameworks */,
				7A7DC62F1C237E68006DBD58 /* Resources */,
			);
			buildRules = (
			);
			dependencies = (
			);
			name = "Tama-Hive-Watch Extension";
			productName = "Tama-Hive-Watch Extension";
			productReference = 7A7DC6311C237E68006DBD58 /* Tama-Hive-Watch Extension.appex */;
			productType = "com.apple.product-type.watchkit2-extension";
		};
		7AD8104F1C34D5FE004EB35B /* Tama-Emu-TV */ = {
			isa = PBXNativeTarget;
			buildConfigurationList = 7AD8105E1C34D5FE004EB35B /* Build configuration list for PBXNativeTarget "Tama-Emu-TV" */;
			buildPhases = (
				7AD8104C1C34D5FE004EB35B /* Sources */,
				7AD8104D1C34D5FE004EB35B /* Frameworks */,
				7AD8104E1C34D5FE004EB35B /* Resources */,
			);
			buildRules = (
			);
			dependencies = (
			);
			name = "Tama-Emu-TV";
			productName = "Tama-Emu-TV";
			productReference = 7AD810501C34D5FE004EB35B /* Tama-Emu.app */;
			productType = "com.apple.product-type.application";
		};
		7AD810B21C34D8F8004EB35B /* tamaemu */ = {
			isa = PBXNativeTarget;
			buildConfigurationList = 7AD810B71C34D8F8004EB35B /* Build configuration list for PBXNativeTarget "tamaemu" */;
			buildPhases = (
				7AD810AF1C34D8F8004EB35B /* Sources */,
				7AD810B01C34D8F8004EB35B /* Frameworks */,
				7AD810B11C34D8F8004EB35B /* CopyFiles */,
			);
			buildRules = (
			);
			dependencies = (
			);
			name = tamaemu;
			productName = tamaemu;
			productReference = 7AD810B31C34D8F8004EB35B /* tamaemu */;
			productType = "com.apple.product-type.tool";
		};
/* End PBXNativeTarget section */

/* Begin PBXProject section */
		7A0068A01C18E5BD0098B165 /* Project object */ = {
			isa = PBXProject;
			attributes = {
				LastSwiftUpdateCheck = 0720;
				LastUpgradeCheck = 0720;
				ORGANIZATIONNAME = "Christopher Bonhage";
				TargetAttributes = {
					7A0068A71C18E5BD0098B165 = {
						CreatedOnToolsVersion = 7.2;
					};
					7A151F1F1C23447E002AC8DA = {
						CreatedOnToolsVersion = 7.2;
					};
					7A7DC6241C237E68006DBD58 = {
						CreatedOnToolsVersion = 7.2;
					};
					7A7DC6301C237E68006DBD58 = {
						CreatedOnToolsVersion = 7.2;
					};
					7AD8104F1C34D5FE004EB35B = {
						CreatedOnToolsVersion = 7.2;
					};
					7AD810B21C34D8F8004EB35B = {
						CreatedOnToolsVersion = 7.2;
					};
				};
			};
			buildConfigurationList = 7A0068A31C18E5BD0098B165 /* Build configuration list for PBXProject "Tamatrix" */;
			compatibilityVersion = "Xcode 3.2";
			developmentRegion = English;
			hasScannedForEncodings = 0;
			knownRegions = (
				en,
				Base,
			);
			mainGroup = 7A00689F1C18E5BD0098B165;
			productRefGroup = 7A0068A91C18E5BD0098B165 /* Products */;
			projectDirPath = "";
			projectRoot = "";
			targets = (
				7A151F1F1C23447E002AC8DA /* Tama-Hive-iOS */,
				7A7DC6241C237E68006DBD58 /* Tama-Hive-Watch */,
				7A7DC6301C237E68006DBD58 /* Tama-Hive-Watch Extension */,
				7A0068A71C18E5BD0098B165 /* Tama-Hive-TV */,
				7AD810B21C34D8F8004EB35B /* tamaemu */,
				7AD8104F1C34D5FE004EB35B /* Tama-Emu-TV */,
			);
		};
/* End PBXProject section */

/* Begin PBXResourcesBuildPhase section */
		7A0068A61C18E5BD0098B165 /* Resources */ = {
			isa = PBXResourcesBuildPhase;
			buildActionMask = 2147483647;
			files = (
				7AE8C4AC1C1A37F000E1C4FD /* hexagon-invert.png in Resources */,
				7A69B2EA1C192EF1000F1FBA /* hexagon.png in Resources */,
				7A0068B31C18E5BE0098B165 /* Assets.xcassets in Resources */,
				7A0068B11C18E5BE0098B165 /* Main.storyboard in Resources */,
				7AE8C4AB1C1A37F000E1C4FD /* hexagon-invert-dark.png in Resources */,
			);
			runOnlyForDeploymentPostprocessing = 0;
		};
		7A151F1E1C23447E002AC8DA /* Resources */ = {
			isa = PBXResourcesBuildPhase;
			buildActionMask = 2147483647;
			files = (
				7A7DC6511C238861006DBD58 /* Main.storyboard in Resources */,
				7A151F3B1C23459F002AC8DA /* hexagon-invert.png in Resources */,
				7A151F3A1C23459C002AC8DA /* hexagon.png in Resources */,
				7A151F3C1C2345A1002AC8DA /* hexagon-invert-dark.png in Resources */,
				7A7DC6501C238861006DBD58 /* LaunchScreen.storyboard in Resources */,
				7A7DC64F1C238861006DBD58 /* Assets.xcassets in Resources */,
			);
			runOnlyForDeploymentPostprocessing = 0;
		};
		7A7DC6231C237E68006DBD58 /* Resources */ = {
			isa = PBXResourcesBuildPhase;
			buildActionMask = 2147483647;
			files = (
				7A7DC62B1C237E68006DBD58 /* Assets.xcassets in Resources */,
				7A7DC6291C237E68006DBD58 /* Interface.storyboard in Resources */,
			);
			runOnlyForDeploymentPostprocessing = 0;
		};
		7A7DC62F1C237E68006DBD58 /* Resources */ = {
			isa = PBXResourcesBuildPhase;
			buildActionMask = 2147483647;
			files = (
			);
			runOnlyForDeploymentPostprocessing = 0;
		};
		7AD8104E1C34D5FE004EB35B /* Resources */ = {
			isa = PBXResourcesBuildPhase;
			buildActionMask = 2147483647;
			files = (
				7AB4CEB11C351481005A04A7 /* rom in Resources */,
				7AB4CEAA1C350882005A04A7 /* Assets.xcassets in Resources */,
				7AB4CEAB1C350882005A04A7 /* Main.storyboard in Resources */,
			);
			runOnlyForDeploymentPostprocessing = 0;
		};
/* End PBXResourcesBuildPhase section */

/* Begin PBXSourcesBuildPhase section */
		7A0068A41C18E5BD0098B165 /* Sources */ = {
			isa = PBXSourcesBuildPhase;
			buildActionMask = 2147483647;
			files = (
				7A0068AE1C18E5BE0098B165 /* TamaListViewController.swift in Sources */,
				7A9AFD411C23B3B700D0A8F6 /* TamaDataController.swift in Sources */,
				7A0068AC1C18E5BE0098B165 /* TamaHiveAppDelegate.swift in Sources */,
				7A9AFD441C23C62700D0A8F6 /* TamaLcdScreen.swift in Sources */,
				7AE766DF1C1A880300078E68 /* TamaListHiveLayout.swift in Sources */,
				7A0068BB1C18F0080098B165 /* TamaItemViewController.swift in Sources */,
				7A69B2ED1C1933DA000F1FBA /* TamaListViewCell.swift in Sources */,
			);
			runOnlyForDeploymentPostprocessing = 0;
		};
		7A151F1C1C23447E002AC8DA /* Sources */ = {
			isa = PBXSourcesBuildPhase;
			buildActionMask = 2147483647;
			files = (
				7A151F371C23458B002AC8DA /* TamaListViewCell.swift in Sources */,
				7A151F341C234583002AC8DA /* TamaListViewController.swift in Sources */,
				7A7DC6491C2384D0006DBD58 /* TamaDataController.swift in Sources */,
				7A151F361C234588002AC8DA /* TamaListHiveLayout.swift in Sources */,
				7A9AFD431C23C62700D0A8F6 /* TamaLcdScreen.swift in Sources */,
				7A151F331C234581002AC8DA /* TamaHiveAppDelegate.swift in Sources */,
				7A151F351C234586002AC8DA /* TamaItemViewController.swift in Sources */,
			);
			runOnlyForDeploymentPostprocessing = 0;
		};
		7A7DC62D1C237E68006DBD58 /* Sources */ = {
			isa = PBXSourcesBuildPhase;
			buildActionMask = 2147483647;
			files = (
				7A9AFD451C23C62700D0A8F6 /* TamaLcdScreen.swift in Sources */,
				7A7DC6391C237E68006DBD58 /* TamaExtensionDelegate.swift in Sources */,
				7A7DC6371C237E68006DBD58 /* TamaInterfaceController.swift in Sources */,
				7A7DC6531C238A63006DBD58 /* TamaDataController.swift in Sources */,
			);
			runOnlyForDeploymentPostprocessing = 0;
		};
		7AD8104C1C34D5FE004EB35B /* Sources */ = {
			isa = PBXSourcesBuildPhase;
			buildActionMask = 2147483647;
			files = (
				7AD810A51C34D77B004EB35B /* lcd.c in Sources */,
				7AD810871C34D66A004EB35B /* ConDebug.c in Sources */,
				7AD810841C34D66A004EB35B /* i2c.c in Sources */,
				7AD810AE1C34D7DE004EB35B /* screens.c in Sources */,
				7AD810891C34D66A004EB35B /* M6502.c in Sources */,
				7AD810A21C34D761004EB35B /* udp.c in Sources */,
				7AB4CEB41C362C6D005A04A7 /* mach_gettime.c in Sources */,
				7AD810551C34D5FE004EB35B /* TamaEmuViewController.swift in Sources */,
				7AB4CEB01C350C14005A04A7 /* TamaEmulatorController.swift in Sources */,
				7AD810AD1C34D7DE004EB35B /* lcdmatch.c in Sources */,
				7AD810881C34D66A004EB35B /* Debug.c in Sources */,
				7A0E6BD51C37218B00E8C107 /* TamaEmulatorState.swift in Sources */,
				7AD810A81C34D7C2004EB35B /* benevolentai.c in Sources */,
				7AD810851C34D66A004EB35B /* i2ceeprom.c in Sources */,
				7A8BE7D81C3730C5005B261D /* TamaLcdScreen.swift in Sources */,
				7AD810531C34D5FE004EB35B /* TamaEmuAppDelegate.swift in Sources */,
				7AD810861C34D66A004EB35B /* ir.c in Sources */,
				7AD8109E1C34D66A004EB35B /* tamaemu.c in Sources */,
			);
			runOnlyForDeploymentPostprocessing = 0;
		};
		7AD810AF1C34D8F8004EB35B /* Sources */ = {
			isa = PBXSourcesBuildPhase;
			buildActionMask = 2147483647;
			files = (
				7AD810CB1C34D98F004EB35B /* ir.c in Sources */,
				7AD810C91C34D98F004EB35B /* i2c.c in Sources */,
				7AD810CA1C34D98F004EB35B /* i2ceeprom.c in Sources */,
				7AD810CE1C34D98F004EB35B /* screens.c in Sources */,
				7AB4CEB31C362C6D005A04A7 /* mach_gettime.c in Sources */,
				7AD810CF1C34D98F004EB35B /* main.c in Sources */,
				7AD810D41C34D98F004EB35B /* udp.c in Sources */,
				7AD810CD1C34D98F004EB35B /* lcdmatch.c in Sources */,
				7AD810D01C34D98F004EB35B /* ConDebug.c in Sources */,
				7AD810CC1C34D98F004EB35B /* lcd.c in Sources */,
				7AD810D31C34D98F004EB35B /* tamaemu.c in Sources */,
				7AD810C81C34D98F004EB35B /* benevolentai.c in Sources */,
				7AD810D11C34D98F004EB35B /* Debug.c in Sources */,
				7AD810D21C34D98F004EB35B /* M6502.c in Sources */,
			);
			runOnlyForDeploymentPostprocessing = 0;
		};
/* End PBXSourcesBuildPhase section */

/* Begin PBXTargetDependency section */
		7A7DC6341C237E68006DBD58 /* PBXTargetDependency */ = {
			isa = PBXTargetDependency;
			target = 7A7DC6301C237E68006DBD58 /* Tama-Hive-Watch Extension */;
			targetProxy = 7A7DC6331C237E68006DBD58 /* PBXContainerItemProxy */;
		};
		7A7DC63E1C237E68006DBD58 /* PBXTargetDependency */ = {
			isa = PBXTargetDependency;
			target = 7A7DC6241C237E68006DBD58 /* Tama-Hive-Watch */;
			targetProxy = 7A7DC63D1C237E68006DBD58 /* PBXContainerItemProxy */;
		};
/* End PBXTargetDependency section */

/* Begin PBXVariantGroup section */
		7A0068AF1C18E5BE0098B165 /* Main.storyboard */ = {
			isa = PBXVariantGroup;
			children = (
				7A0068B01C18E5BE0098B165 /* Base */,
			);
			name = Main.storyboard;
			sourceTree = "<group>";
		};
		7A7DC6271C237E68006DBD58 /* Interface.storyboard */ = {
			isa = PBXVariantGroup;
			children = (
				7A7DC6281C237E68006DBD58 /* Base */,
			);
			name = Interface.storyboard;
			sourceTree = "<group>";
		};
		7A7DC64B1C238861006DBD58 /* LaunchScreen.storyboard */ = {
			isa = PBXVariantGroup;
			children = (
				7A7DC64C1C238861006DBD58 /* Base */,
			);
			name = LaunchScreen.storyboard;
			sourceTree = "<group>";
		};
		7AB4CEA71C350882005A04A7 /* Main.storyboard */ = {
			isa = PBXVariantGroup;
			children = (
				7AB4CEA81C350882005A04A7 /* Base */,
			);
			name = Main.storyboard;
			sourceTree = "<group>";
		};
/* End PBXVariantGroup section */

/* Begin XCBuildConfiguration section */
		7A0068B51C18E5BE0098B165 /* Debug */ = {
			isa = XCBuildConfiguration;
			buildSettings = {
				ALWAYS_SEARCH_USER_PATHS = NO;
				CLANG_CXX_LANGUAGE_STANDARD = "gnu++0x";
				CLANG_CXX_LIBRARY = "libc++";
				CLANG_ENABLE_MODULES = YES;
				CLANG_ENABLE_OBJC_ARC = YES;
				CLANG_WARN_BOOL_CONVERSION = YES;
				CLANG_WARN_CONSTANT_CONVERSION = YES;
				CLANG_WARN_DIRECT_OBJC_ISA_USAGE = YES_ERROR;
				CLANG_WARN_EMPTY_BODY = YES;
				CLANG_WARN_ENUM_CONVERSION = YES;
				CLANG_WARN_INT_CONVERSION = YES;
				CLANG_WARN_OBJC_ROOT_CLASS = YES_ERROR;
				CLANG_WARN_UNREACHABLE_CODE = YES;
				CLANG_WARN__DUPLICATE_METHOD_MATCH = YES;
				COPY_PHASE_STRIP = NO;
				DEBUG_INFORMATION_FORMAT = dwarf;
				ENABLE_STRICT_OBJC_MSGSEND = YES;
				ENABLE_TESTABILITY = YES;
				GCC_C_LANGUAGE_STANDARD = gnu99;
				GCC_DYNAMIC_NO_PIC = NO;
				GCC_NO_COMMON_BLOCKS = YES;
				GCC_OPTIMIZATION_LEVEL = 0;
				GCC_PREPROCESSOR_DEFINITIONS = (
					"DEBUG=1",
					"$(inherited)",
				);
				GCC_WARN_64_TO_32_BIT_CONVERSION = YES;
				GCC_WARN_ABOUT_RETURN_TYPE = YES_ERROR;
				GCC_WARN_UNDECLARED_SELECTOR = YES;
				GCC_WARN_UNINITIALIZED_AUTOS = YES_AGGRESSIVE;
				GCC_WARN_UNUSED_FUNCTION = YES;
				GCC_WARN_UNUSED_VARIABLE = YES;
				MTL_ENABLE_DEBUG_INFO = YES;
				ONLY_ACTIVE_ARCH = YES;
				SDKROOT = appletvos;
				SWIFT_OPTIMIZATION_LEVEL = "-Onone";
				TARGETED_DEVICE_FAMILY = 3;
				TVOS_DEPLOYMENT_TARGET = 9.1;
			};
			name = Debug;
		};
		7A0068B61C18E5BE0098B165 /* Release */ = {
			isa = XCBuildConfiguration;
			buildSettings = {
				ALWAYS_SEARCH_USER_PATHS = NO;
				CLANG_CXX_LANGUAGE_STANDARD = "gnu++0x";
				CLANG_CXX_LIBRARY = "libc++";
				CLANG_ENABLE_MODULES = YES;
				CLANG_ENABLE_OBJC_ARC = YES;
				CLANG_WARN_BOOL_CONVERSION = YES;
				CLANG_WARN_CONSTANT_CONVERSION = YES;
				CLANG_WARN_DIRECT_OBJC_ISA_USAGE = YES_ERROR;
				CLANG_WARN_EMPTY_BODY = YES;
				CLANG_WARN_ENUM_CONVERSION = YES;
				CLANG_WARN_INT_CONVERSION = YES;
				CLANG_WARN_OBJC_ROOT_CLASS = YES_ERROR;
				CLANG_WARN_UNREACHABLE_CODE = YES;
				CLANG_WARN__DUPLICATE_METHOD_MATCH = YES;
				COPY_PHASE_STRIP = NO;
				DEBUG_INFORMATION_FORMAT = "dwarf-with-dsym";
				ENABLE_NS_ASSERTIONS = NO;
				ENABLE_STRICT_OBJC_MSGSEND = YES;
				GCC_C_LANGUAGE_STANDARD = gnu99;
				GCC_NO_COMMON_BLOCKS = YES;
				GCC_WARN_64_TO_32_BIT_CONVERSION = YES;
				GCC_WARN_ABOUT_RETURN_TYPE = YES_ERROR;
				GCC_WARN_UNDECLARED_SELECTOR = YES;
				GCC_WARN_UNINITIALIZED_AUTOS = YES_AGGRESSIVE;
				GCC_WARN_UNUSED_FUNCTION = YES;
				GCC_WARN_UNUSED_VARIABLE = YES;
				MTL_ENABLE_DEBUG_INFO = NO;
				SDKROOT = appletvos;
				TARGETED_DEVICE_FAMILY = 3;
				TVOS_DEPLOYMENT_TARGET = 9.1;
				VALIDATE_PRODUCT = YES;
			};
			name = Release;
		};
		7A0068B81C18E5BE0098B165 /* Debug */ = {
			isa = XCBuildConfiguration;
			buildSettings = {
				ASSETCATALOG_COMPILER_APPICON_NAME = "App Icon & Top Shelf Image";
				ASSETCATALOG_COMPILER_LAUNCHIMAGE_NAME = LaunchImage;
				INFOPLIST_FILE = "$(SRCROOT)/Hive-TV/Info.plist";
				LD_RUNPATH_SEARCH_PATHS = "$(inherited) @executable_path/Frameworks";
				PRODUCT_BUNDLE_IDENTIFIER = "com.christopherbonhage.Tama-Hive-TV";
				PRODUCT_NAME = "Tama-Hive";
			};
			name = Debug;
		};
		7A0068B91C18E5BE0098B165 /* Release */ = {
			isa = XCBuildConfiguration;
			buildSettings = {
				ASSETCATALOG_COMPILER_APPICON_NAME = "App Icon & Top Shelf Image";
				ASSETCATALOG_COMPILER_LAUNCHIMAGE_NAME = LaunchImage;
				INFOPLIST_FILE = "$(SRCROOT)/Hive-TV/Info.plist";
				LD_RUNPATH_SEARCH_PATHS = "$(inherited) @executable_path/Frameworks";
				PRODUCT_BUNDLE_IDENTIFIER = "com.christopherbonhage.Tama-Hive-TV";
				PRODUCT_NAME = "Tama-Hive";
			};
			name = Release;
		};
		7A151F2F1C23447E002AC8DA /* Debug */ = {
			isa = XCBuildConfiguration;
			buildSettings = {
				ASSETCATALOG_COMPILER_APPICON_NAME = AppIcon;
				"CODE_SIGN_IDENTITY[sdk=iphoneos*]" = "iPhone Developer";
				INFOPLIST_FILE = "$(SRCROOT)/Hive-iOS/Info.plist";
				IPHONEOS_DEPLOYMENT_TARGET = 9.2;
				LD_RUNPATH_SEARCH_PATHS = "$(inherited) @executable_path/Frameworks";
				PRODUCT_BUNDLE_IDENTIFIER = "com.christopherbonhage.Tama-Hive-iOS";
				PRODUCT_NAME = "Tama-Hive";
				SDKROOT = iphoneos;
				TARGETED_DEVICE_FAMILY = "1,2";
			};
			name = Debug;
		};
		7A151F301C23447E002AC8DA /* Release */ = {
			isa = XCBuildConfiguration;
			buildSettings = {
				ASSETCATALOG_COMPILER_APPICON_NAME = AppIcon;
				"CODE_SIGN_IDENTITY[sdk=iphoneos*]" = "iPhone Developer";
				INFOPLIST_FILE = "$(SRCROOT)/Hive-iOS/Info.plist";
				IPHONEOS_DEPLOYMENT_TARGET = 9.2;
				LD_RUNPATH_SEARCH_PATHS = "$(inherited) @executable_path/Frameworks";
				PRODUCT_BUNDLE_IDENTIFIER = "com.christopherbonhage.Tama-Hive-iOS";
				PRODUCT_NAME = "Tama-Hive";
				SDKROOT = iphoneos;
				TARGETED_DEVICE_FAMILY = "1,2";
			};
			name = Release;
		};
		7A7DC6411C237E68006DBD58 /* Debug */ = {
			isa = XCBuildConfiguration;
			buildSettings = {
				INFOPLIST_FILE = "$(SRCROOT)/Hive-Watch/Info-Extension.plist";
				LD_RUNPATH_SEARCH_PATHS = "$(inherited) @executable_path/Frameworks @executable_path/../../Frameworks";
				PRODUCT_BUNDLE_IDENTIFIER = "com.christopherbonhage.Tama-Hive-iOS.watchkitapp.watchkitextension";
				PRODUCT_NAME = "${TARGET_NAME}";
				SDKROOT = watchos;
				SKIP_INSTALL = YES;
				TARGETED_DEVICE_FAMILY = 4;
				WATCHOS_DEPLOYMENT_TARGET = 2.1;
			};
			name = Debug;
		};
		7A7DC6421C237E68006DBD58 /* Release */ = {
			isa = XCBuildConfiguration;
			buildSettings = {
				INFOPLIST_FILE = "$(SRCROOT)/Hive-Watch/Info-Extension.plist";
				LD_RUNPATH_SEARCH_PATHS = "$(inherited) @executable_path/Frameworks @executable_path/../../Frameworks";
				PRODUCT_BUNDLE_IDENTIFIER = "com.christopherbonhage.Tama-Hive-iOS.watchkitapp.watchkitextension";
				PRODUCT_NAME = "${TARGET_NAME}";
				SDKROOT = watchos;
				SKIP_INSTALL = YES;
				TARGETED_DEVICE_FAMILY = 4;
				WATCHOS_DEPLOYMENT_TARGET = 2.1;
			};
			name = Release;
		};
		7A7DC6451C237E68006DBD58 /* Debug */ = {
			isa = XCBuildConfiguration;
			buildSettings = {
				ASSETCATALOG_COMPILER_APPICON_NAME = AppIcon;
				EMBEDDED_CONTENT_CONTAINS_SWIFT = YES;
				IBSC_MODULE = Tama_Hive_Watch_Extension;
				INFOPLIST_FILE = "$(SRCROOT)/Hive-Watch/Info.plist";
				PRODUCT_BUNDLE_IDENTIFIER = "com.christopherbonhage.Tama-Hive-iOS.watchkitapp";
				PRODUCT_NAME = "Tama-Hive";
				SDKROOT = watchos;
				SKIP_INSTALL = YES;
				TARGETED_DEVICE_FAMILY = 4;
				WATCHOS_DEPLOYMENT_TARGET = 2.1;
			};
			name = Debug;
		};
		7A7DC6461C237E68006DBD58 /* Release */ = {
			isa = XCBuildConfiguration;
			buildSettings = {
				ASSETCATALOG_COMPILER_APPICON_NAME = AppIcon;
				EMBEDDED_CONTENT_CONTAINS_SWIFT = YES;
				IBSC_MODULE = Tama_Hive_Watch_Extension;
				INFOPLIST_FILE = "$(SRCROOT)/Hive-Watch/Info.plist";
				PRODUCT_BUNDLE_IDENTIFIER = "com.christopherbonhage.Tama-Hive-iOS.watchkitapp";
				PRODUCT_NAME = "Tama-Hive";
				SDKROOT = watchos;
				SKIP_INSTALL = YES;
				TARGETED_DEVICE_FAMILY = 4;
				WATCHOS_DEPLOYMENT_TARGET = 2.1;
			};
			name = Release;
		};
		7AD8105C1C34D5FE004EB35B /* Debug */ = {
			isa = XCBuildConfiguration;
			buildSettings = {
				ASSETCATALOG_COMPILER_APPICON_NAME = "App Icon & Top Shelf Image";
				ASSETCATALOG_COMPILER_LAUNCHIMAGE_NAME = LaunchImage;
				GCC_NO_COMMON_BLOCKS = NO;
				INFOPLIST_FILE = "$(SRCROOT)/Emu-TV/Info.plist";
				LD_RUNPATH_SEARCH_PATHS = "$(inherited) @executable_path/Frameworks";
				PRODUCT_BUNDLE_IDENTIFIER = "com.christopherbonhage.Tama-Emu-TV";
				PRODUCT_NAME = "Tama-Emu";
				SWIFT_OBJC_BRIDGING_HEADER = "Emu-UIKit/TamaEmu-Bridging-Header.h";
			};
			name = Debug;
		};
		7AD8105D1C34D5FE004EB35B /* Release */ = {
			isa = XCBuildConfiguration;
			buildSettings = {
				ASSETCATALOG_COMPILER_APPICON_NAME = "App Icon & Top Shelf Image";
				ASSETCATALOG_COMPILER_LAUNCHIMAGE_NAME = LaunchImage;
				GCC_NO_COMMON_BLOCKS = NO;
				INFOPLIST_FILE = "$(SRCROOT)/Emu-TV/Info.plist";
				LD_RUNPATH_SEARCH_PATHS = "$(inherited) @executable_path/Frameworks";
				PRODUCT_BUNDLE_IDENTIFIER = "com.christopherbonhage.Tama-Emu-TV";
				PRODUCT_NAME = "Tama-Emu";
				SWIFT_OBJC_BRIDGING_HEADER = "Emu-UIKit/TamaEmu-Bridging-Header.h";
			};
			name = Release;
		};
		7AD810B81C34D8F8004EB35B /* Debug */ = {
			isa = XCBuildConfiguration;
			buildSettings = {
				CODE_SIGN_IDENTITY = "-";
				MACOSX_DEPLOYMENT_TARGET = 10.11;
				PRODUCT_NAME = "$(TARGET_NAME)";
				SDKROOT = macosx;
			};
			name = Debug;
		};
		7AD810B91C34D8F8004EB35B /* Release */ = {
			isa = XCBuildConfiguration;
			buildSettings = {
				CODE_SIGN_IDENTITY = "-";
				MACOSX_DEPLOYMENT_TARGET = 10.11;
				PRODUCT_NAME = "$(TARGET_NAME)";
				SDKROOT = macosx;
			};
			name = Release;
		};
/* End XCBuildConfiguration section */

/* Begin XCConfigurationList section */
		7A0068A31C18E5BD0098B165 /* Build configuration list for PBXProject "Tamatrix" */ = {
			isa = XCConfigurationList;
			buildConfigurations = (
				7A0068B51C18E5BE0098B165 /* Debug */,
				7A0068B61C18E5BE0098B165 /* Release */,
			);
			defaultConfigurationIsVisible = 0;
			defaultConfigurationName = Release;
		};
		7A0068B71C18E5BE0098B165 /* Build configuration list for PBXNativeTarget "Tama-Hive-TV" */ = {
			isa = XCConfigurationList;
			buildConfigurations = (
				7A0068B81C18E5BE0098B165 /* Debug */,
				7A0068B91C18E5BE0098B165 /* Release */,
			);
			defaultConfigurationIsVisible = 0;
			defaultConfigurationName = Release;
		};
		7A151F311C23447E002AC8DA /* Build configuration list for PBXNativeTarget "Tama-Hive-iOS" */ = {
			isa = XCConfigurationList;
			buildConfigurations = (
				7A151F2F1C23447E002AC8DA /* Debug */,
				7A151F301C23447E002AC8DA /* Release */,
			);
			defaultConfigurationIsVisible = 0;
			defaultConfigurationName = Release;
		};
		7A7DC6401C237E68006DBD58 /* Build configuration list for PBXNativeTarget "Tama-Hive-Watch Extension" */ = {
			isa = XCConfigurationList;
			buildConfigurations = (
				7A7DC6411C237E68006DBD58 /* Debug */,
				7A7DC6421C237E68006DBD58 /* Release */,
			);
			defaultConfigurationIsVisible = 0;
			defaultConfigurationName = Release;
		};
		7A7DC6441C237E68006DBD58 /* Build configuration list for PBXNativeTarget "Tama-Hive-Watch" */ = {
			isa = XCConfigurationList;
			buildConfigurations = (
				7A7DC6451C237E68006DBD58 /* Debug */,
				7A7DC6461C237E68006DBD58 /* Release */,
			);
			defaultConfigurationIsVisible = 0;
			defaultConfigurationName = Release;
		};
		7AD8105E1C34D5FE004EB35B /* Build configuration list for PBXNativeTarget "Tama-Emu-TV" */ = {
			isa = XCConfigurationList;
			buildConfigurations = (
				7AD8105C1C34D5FE004EB35B /* Debug */,
				7AD8105D1C34D5FE004EB35B /* Release */,
			);
			defaultConfigurationIsVisible = 0;
			defaultConfigurationName = Release;
		};
		7AD810B71C34D8F8004EB35B /* Build configuration list for PBXNativeTarget "tamaemu" */ = {
			isa = XCConfigurationList;
			buildConfigurations = (
				7AD810B81C34D8F8004EB35B /* Debug */,
				7AD810B91C34D8F8004EB35B /* Release */,
			);
			defaultConfigurationIsVisible = 0;
			defaultConfigurationName = Release;
		};
/* End XCConfigurationList section */
	};
	rootObject = 7A0068A01C18E5BD0098B165 /* Project object */;
}
