// !$*UTF8*$!
{
	archiveVersion = 1;
	classes = {
	};
	objectVersion = 46;
	objects = {

/* Begin PBXBuildFile section */
		7A0068AC1C18E5BE0098B165 /* TamaHiveAppDelegate.swift in Sources */ = {isa = PBXBuildFile; fileRef = 7A0068AB1C18E5BE0098B165 /* TamaHiveAppDelegate.swift */; };
		7A0068AE1C18E5BE0098B165 /* TamaListViewController.swift in Sources */ = {isa = PBXBuildFile; fileRef = 7A0068AD1C18E5BE0098B165 /* TamaListViewController.swift */; };
		7A0068B11C18E5BE0098B165 /* Main.storyboard in Resources */ = {isa = PBXBuildFile; fileRef = 7A0068AF1C18E5BE0098B165 /* Main.storyboard */; };
		7A0068B31C18E5BE0098B165 /* Assets.xcassets in Resources */ = {isa = PBXBuildFile; fileRef = 7A0068B21C18E5BE0098B165 /* Assets.xcassets */; };
		7A0068BB1C18F0080098B165 /* TamaItemViewController.swift in Sources */ = {isa = PBXBuildFile; fileRef = 7A0068BA1C18F0080098B165 /* TamaItemViewController.swift */; };
		7A69B2E91C192EF1000F1FBA /* header.png in Resources */ = {isa = PBXBuildFile; fileRef = 7A69B2E71C192EF1000F1FBA /* header.png */; };
		7A69B2EA1C192EF1000F1FBA /* hexagon.png in Resources */ = {isa = PBXBuildFile; fileRef = 7A69B2E81C192EF1000F1FBA /* hexagon.png */; };
		7A69B2ED1C1933DA000F1FBA /* TamaListViewCell.swift in Sources */ = {isa = PBXBuildFile; fileRef = 7A69B2EC1C1933DA000F1FBA /* TamaListViewCell.swift */; };
		7A69B2EF1C19649A000F1FBA /* TamaLcdImageView.swift in Sources */ = {isa = PBXBuildFile; fileRef = 7A69B2EE1C19649A000F1FBA /* TamaLcdImageView.swift */; };
/* End PBXBuildFile section */

/* Begin PBXFileReference section */
		7A0068A81C18E5BD0098B165 /* Tama-Hive.app */ = {isa = PBXFileReference; explicitFileType = wrapper.application; includeInIndex = 0; path = "Tama-Hive.app"; sourceTree = BUILT_PRODUCTS_DIR; };
		7A0068AB1C18E5BE0098B165 /* TamaHiveAppDelegate.swift */ = {isa = PBXFileReference; lastKnownFileType = sourcecode.swift; path = TamaHiveAppDelegate.swift; sourceTree = "<group>"; };
		7A0068AD1C18E5BE0098B165 /* TamaListViewController.swift */ = {isa = PBXFileReference; lastKnownFileType = sourcecode.swift; path = TamaListViewController.swift; sourceTree = "<group>"; };
		7A0068B01C18E5BE0098B165 /* Base */ = {isa = PBXFileReference; lastKnownFileType = file.storyboard; name = Base; path = Base.lproj/Main.storyboard; sourceTree = "<group>"; };
		7A0068B21C18E5BE0098B165 /* Assets.xcassets */ = {isa = PBXFileReference; lastKnownFileType = folder.assetcatalog; path = Assets.xcassets; sourceTree = "<group>"; };
		7A0068B41C18E5BE0098B165 /* Info.plist */ = {isa = PBXFileReference; lastKnownFileType = text.plist.xml; path = Info.plist; sourceTree = "<group>"; };
		7A0068BA1C18F0080098B165 /* TamaItemViewController.swift */ = {isa = PBXFileReference; fileEncoding = 4; lastKnownFileType = sourcecode.swift; path = TamaItemViewController.swift; sourceTree = "<group>"; };
		7A69B2E71C192EF1000F1FBA /* header.png */ = {isa = PBXFileReference; lastKnownFileType = image.png; path = header.png; sourceTree = "<group>"; };
		7A69B2E81C192EF1000F1FBA /* hexagon.png */ = {isa = PBXFileReference; lastKnownFileType = image.png; path = hexagon.png; sourceTree = "<group>"; };
		7A69B2EC1C1933DA000F1FBA /* TamaListViewCell.swift */ = {isa = PBXFileReference; fileEncoding = 4; lastKnownFileType = sourcecode.swift; path = TamaListViewCell.swift; sourceTree = "<group>"; };
		7A69B2EE1C19649A000F1FBA /* TamaLcdImageView.swift */ = {isa = PBXFileReference; fileEncoding = 4; lastKnownFileType = sourcecode.swift; path = TamaLcdImageView.swift; sourceTree = "<group>"; };
/* End PBXFileReference section */

/* Begin PBXFrameworksBuildPhase section */
		7A0068A51C18E5BD0098B165 /* Frameworks */ = {
			isa = PBXFrameworksBuildPhase;
			buildActionMask = 2147483647;
			files = (
			);
			runOnlyForDeploymentPostprocessing = 0;
		};
/* End PBXFrameworksBuildPhase section */

/* Begin PBXGroup section */
		7A00689F1C18E5BD0098B165 = {
			isa = PBXGroup;
			children = (
				7A0068AA1C18E5BD0098B165 /* Tamatrix */,
				7A0068A91C18E5BD0098B165 /* Products */,
			);
			sourceTree = "<group>";
		};
		7A0068A91C18E5BD0098B165 /* Products */ = {
			isa = PBXGroup;
			children = (
				7A0068A81C18E5BD0098B165 /* Tama-Hive.app */,
			);
			name = Products;
			sourceTree = "<group>";
		};
		7A0068AA1C18E5BD0098B165 /* Tamatrix */ = {
			isa = PBXGroup;
			children = (
				7A0068AB1C18E5BE0098B165 /* TamaHiveAppDelegate.swift */,
				7A0068AD1C18E5BE0098B165 /* TamaListViewController.swift */,
				7A69B2EC1C1933DA000F1FBA /* TamaListViewCell.swift */,
				7A0068BA1C18F0080098B165 /* TamaItemViewController.swift */,
				7A69B2EE1C19649A000F1FBA /* TamaLcdImageView.swift */,
				7A0068B41C18E5BE0098B165 /* Info.plist */,
				7A0068AF1C18E5BE0098B165 /* Main.storyboard */,
				7A0068B21C18E5BE0098B165 /* Assets.xcassets */,
				7A69B2EB1C192EF6000F1FBA /* Images */,
			);
			path = Tamatrix;
			sourceTree = "<group>";
		};
		7A69B2EB1C192EF6000F1FBA /* Images */ = {
			isa = PBXGroup;
			children = (
				7A69B2E71C192EF1000F1FBA /* header.png */,
				7A69B2E81C192EF1000F1FBA /* hexagon.png */,
			);
			name = Images;
			sourceTree = "<group>";
		};
/* End PBXGroup section */

/* Begin PBXNativeTarget section */
		7A0068A71C18E5BD0098B165 /* Tama-Hive */ = {
			isa = PBXNativeTarget;
			buildConfigurationList = 7A0068B71C18E5BE0098B165 /* Build configuration list for PBXNativeTarget "Tama-Hive" */;
			buildPhases = (
				7A0068A41C18E5BD0098B165 /* Sources */,
				7A0068A51C18E5BD0098B165 /* Frameworks */,
				7A0068A61C18E5BD0098B165 /* Resources */,
			);
			buildRules = (
			);
			dependencies = (
			);
			name = "Tama-Hive";
			productName = Tamatrix;
			productReference = 7A0068A81C18E5BD0098B165 /* Tama-Hive.app */;
			productType = "com.apple.product-type.application";
		};
/* End PBXNativeTarget section */

/* Begin PBXProject section */
		7A0068A01C18E5BD0098B165 /* Project object */ = {
			isa = PBXProject;
			attributes = {
				LastSwiftUpdateCheck = 0720;
				LastUpgradeCheck = 0720;
				ORGANIZATIONNAME = "Christopher Bonhage";
				TargetAttributes = {
					7A0068A71C18E5BD0098B165 = {
						CreatedOnToolsVersion = 7.2;
					};
				};
			};
			buildConfigurationList = 7A0068A31C18E5BD0098B165 /* Build configuration list for PBXProject "Tamatrix" */;
			compatibilityVersion = "Xcode 3.2";
			developmentRegion = English;
			hasScannedForEncodings = 0;
			knownRegions = (
				en,
				Base,
			);
			mainGroup = 7A00689F1C18E5BD0098B165;
			productRefGroup = 7A0068A91C18E5BD0098B165 /* Products */;
			projectDirPath = "";
			projectRoot = "";
			targets = (
				7A0068A71C18E5BD0098B165 /* Tama-Hive */,
			);
		};
/* End PBXProject section */

/* Begin PBXResourcesBuildPhase section */
		7A0068A61C18E5BD0098B165 /* Resources */ = {
			isa = PBXResourcesBuildPhase;
			buildActionMask = 2147483647;
			files = (
				7A69B2EA1C192EF1000F1FBA /* hexagon.png in Resources */,
				7A69B2E91C192EF1000F1FBA /* header.png in Resources */,
				7A0068B31C18E5BE0098B165 /* Assets.xcassets in Resources */,
				7A0068B11C18E5BE0098B165 /* Main.storyboard in Resources */,
			);
			runOnlyForDeploymentPostprocessing = 0;
		};
/* End PBXResourcesBuildPhase section */

/* Begin PBXSourcesBuildPhase section */
		7A0068A41C18E5BD0098B165 /* Sources */ = {
			isa = PBXSourcesBuildPhase;
			buildActionMask = 2147483647;
			files = (
				7A0068AE1C18E5BE0098B165 /* TamaListViewController.swift in Sources */,
				7A69B2EF1C19649A000F1FBA /* TamaLcdImageView.swift in Sources */,
				7A0068AC1C18E5BE0098B165 /* TamaHiveAppDelegate.swift in Sources */,
				7A0068BB1C18F0080098B165 /* TamaItemViewController.swift in Sources */,
				7A69B2ED1C1933DA000F1FBA /* TamaListViewCell.swift in Sources */,
			);
			runOnlyForDeploymentPostprocessing = 0;
		};
/* End PBXSourcesBuildPhase section */

/* Begin PBXVariantGroup section */
		7A0068AF1C18E5BE0098B165 /* Main.storyboard */ = {
			isa = PBXVariantGroup;
			children = (
				7A0068B01C18E5BE0098B165 /* Base */,
			);
			name = Main.storyboard;
			sourceTree = "<group>";
		};
/* End PBXVariantGroup section */

/* Begin XCBuildConfiguration section */
		7A0068B51C18E5BE0098B165 /* Debug */ = {
			isa = XCBuildConfiguration;
			buildSettings = {
				ALWAYS_SEARCH_USER_PATHS = NO;
				CLANG_CXX_LANGUAGE_STANDARD = "gnu++0x";
				CLANG_CXX_LIBRARY = "libc++";
				CLANG_ENABLE_MODULES = YES;
				CLANG_ENABLE_OBJC_ARC = YES;
				CLANG_WARN_BOOL_CONVERSION = YES;
				CLANG_WARN_CONSTANT_CONVERSION = YES;
				CLANG_WARN_DIRECT_OBJC_ISA_USAGE = YES_ERROR;
				CLANG_WARN_EMPTY_BODY = YES;
				CLANG_WARN_ENUM_CONVERSION = YES;
				CLANG_WARN_INT_CONVERSION = YES;
				CLANG_WARN_OBJC_ROOT_CLASS = YES_ERROR;
				CLANG_WARN_UNREACHABLE_CODE = YES;
				CLANG_WARN__DUPLICATE_METHOD_MATCH = YES;
				COPY_PHASE_STRIP = NO;
				DEBUG_INFORMATION_FORMAT = dwarf;
				ENABLE_STRICT_OBJC_MSGSEND = YES;
				ENABLE_TESTABILITY = YES;
				GCC_C_LANGUAGE_STANDARD = gnu99;
				GCC_DYNAMIC_NO_PIC = NO;
				GCC_NO_COMMON_BLOCKS = YES;
				GCC_OPTIMIZATION_LEVEL = 0;
				GCC_PREPROCESSOR_DEFINITIONS = (
					"DEBUG=1",
					"$(inherited)",
				);
				GCC_WARN_64_TO_32_BIT_CONVERSION = YES;
				GCC_WARN_ABOUT_RETURN_TYPE = YES_ERROR;
				GCC_WARN_UNDECLARED_SELECTOR = YES;
				GCC_WARN_UNINITIALIZED_AUTOS = YES_AGGRESSIVE;
				GCC_WARN_UNUSED_FUNCTION = YES;
				GCC_WARN_UNUSED_VARIABLE = YES;
				MTL_ENABLE_DEBUG_INFO = YES;
				ONLY_ACTIVE_ARCH = YES;
				SDKROOT = appletvos;
				SWIFT_OPTIMIZATION_LEVEL = "-Onone";
				TARGETED_DEVICE_FAMILY = 3;
				TVOS_DEPLOYMENT_TARGET = 9.1;
			};
			name = Debug;
		};
		7A0068B61C18E5BE0098B165 /* Release */ = {
			isa = XCBuildConfiguration;
			buildSettings = {
				ALWAYS_SEARCH_USER_PATHS = NO;
				CLANG_CXX_LANGUAGE_STANDARD = "gnu++0x";
				CLANG_CXX_LIBRARY = "libc++";
				CLANG_ENABLE_MODULES = YES;
				CLANG_ENABLE_OBJC_ARC = YES;
				CLANG_WARN_BOOL_CONVERSION = YES;
				CLANG_WARN_CONSTANT_CONVERSION = YES;
				CLANG_WARN_DIRECT_OBJC_ISA_USAGE = YES_ERROR;
				CLANG_WARN_EMPTY_BODY = YES;
				CLANG_WARN_ENUM_CONVERSION = YES;
				CLANG_WARN_INT_CONVERSION = YES;
				CLANG_WARN_OBJC_ROOT_CLASS = YES_ERROR;
				CLANG_WARN_UNREACHABLE_CODE = YES;
				CLANG_WARN__DUPLICATE_METHOD_MATCH = YES;
				COPY_PHASE_STRIP = NO;
				DEBUG_INFORMATION_FORMAT = "dwarf-with-dsym";
				ENABLE_NS_ASSERTIONS = NO;
				ENABLE_STRICT_OBJC_MSGSEND = YES;
				GCC_C_LANGUAGE_STANDARD = gnu99;
				GCC_NO_COMMON_BLOCKS = YES;
				GCC_WARN_64_TO_32_BIT_CONVERSION = YES;
				GCC_WARN_ABOUT_RETURN_TYPE = YES_ERROR;
				GCC_WARN_UNDECLARED_SELECTOR = YES;
				GCC_WARN_UNINITIALIZED_AUTOS = YES_AGGRESSIVE;
				GCC_WARN_UNUSED_FUNCTION = YES;
				GCC_WARN_UNUSED_VARIABLE = YES;
				MTL_ENABLE_DEBUG_INFO = NO;
				SDKROOT = appletvos;
				TARGETED_DEVICE_FAMILY = 3;
				TVOS_DEPLOYMENT_TARGET = 9.1;
				VALIDATE_PRODUCT = YES;
			};
			name = Release;
		};
		7A0068B81C18E5BE0098B165 /* Debug */ = {
			isa = XCBuildConfiguration;
			buildSettings = {
				ASSETCATALOG_COMPILER_APPICON_NAME = "App Icon & Top Shelf Image";
				ASSETCATALOG_COMPILER_LAUNCHIMAGE_NAME = LaunchImage;
				INFOPLIST_FILE = Tamatrix/Info.plist;
				LD_RUNPATH_SEARCH_PATHS = "$(inherited) @executable_path/Frameworks";
				PRODUCT_BUNDLE_IDENTIFIER = com.christopherbonhage.Tamatrix;
				PRODUCT_NAME = "$(TARGET_NAME)";
			};
			name = Debug;
		};
		7A0068B91C18E5BE0098B165 /* Release */ = {
			isa = XCBuildConfiguration;
			buildSettings = {
				ASSETCATALOG_COMPILER_APPICON_NAME = "App Icon & Top Shelf Image";
				ASSETCATALOG_COMPILER_LAUNCHIMAGE_NAME = LaunchImage;
				INFOPLIST_FILE = Tamatrix/Info.plist;
				LD_RUNPATH_SEARCH_PATHS = "$(inherited) @executable_path/Frameworks";
				PRODUCT_BUNDLE_IDENTIFIER = com.christopherbonhage.Tamatrix;
				PRODUCT_NAME = "$(TARGET_NAME)";
			};
			name = Release;
		};
/* End XCBuildConfiguration section */

/* Begin XCConfigurationList section */
		7A0068A31C18E5BD0098B165 /* Build configuration list for PBXProject "Tamatrix" */ = {
			isa = XCConfigurationList;
			buildConfigurations = (
				7A0068B51C18E5BE0098B165 /* Debug */,
				7A0068B61C18E5BE0098B165 /* Release */,
			);
			defaultConfigurationIsVisible = 0;
			defaultConfigurationName = Release;
		};
		7A0068B71C18E5BE0098B165 /* Build configuration list for PBXNativeTarget "Tama-Hive" */ = {
			isa = XCConfigurationList;
			buildConfigurations = (
				7A0068B81C18E5BE0098B165 /* Debug */,
				7A0068B91C18E5BE0098B165 /* Release */,
			);
			defaultConfigurationIsVisible = 0;
			defaultConfigurationName = Release;
		};
/* End XCConfigurationList section */
	};
	rootObject = 7A0068A01C18E5BD0098B165 /* Project object */;
}
